
Microsoft Visual Studio Solution File, Format Version 12.00
# Visual Studio 14
VisualStudioVersion = 14.0.24720.0
MinimumVisualStudioVersion = 10.0.40219.1
Project("{FAE04EC0-301F-11D3-BF4B-00C04F79EFBC}") = "SportsStore.Domain", "SportsStore.Domain\SportsStore.Domain.csproj", "{C46E2438-4B69-4673-B0E1-EAE2E7D69F6F}"
EndProject
Project("{FAE04EC0-301F-11D3-BF4B-00C04F79EFBC}") = "SportsStore.WebUI", "SportsStore.WebUI\SportsStore.WebUI.csproj", "{A89F0B6E-CCE5-4138-B0D1-E38DD6744EF6}"
EndProject
Project("{FAE04EC0-301F-11D3-BF4B-00C04F79EFBC}") = "SportsStore.UnitTests", "SportsStore.UnitTests\SportsStore.UnitTests.csproj", "{9DBD7B74-1940-4BEF-9A02-F5DDAA81CBFA}"
EndProject
Global
	GlobalSection(SolutionConfigurationPlatforms) = preSolution
		Debug|Any CPU = Debug|Any CPU
		Release|Any CPU = Release|Any CPU
	EndGlobalSection
	GlobalSection(ProjectConfigurationPlatforms) = postSolution
		{C46E2438-4B69-4673-B0E1-EAE2E7D69F6F}.Debug|Any CPU.ActiveCfg = Debug|Any CPU
		{C46E2438-4B69-4673-B0E1-EAE2E7D69F6F}.Debug|Any CPU.Build.0 = Debug|Any CPU
		{C46E2438-4B69-4673-B0E1-EAE2E7D69F6F}.Release|Any CPU.ActiveCfg = Release|Any CPU
		{C46E2438-4B69-4673-B0E1-EAE2E7D69F6F}.Release|Any CPU.Build.0 = Release|Any CPU
		{A89F0B6E-CCE5-4138-B0D1-E38DD6744EF6}.Debug|Any CPU.ActiveCfg = Debug|Any CPU
		{A89F0B6E-CCE5-4138-B0D1-E38DD6744EF6}.Debug|Any CPU.Build.0 = Debug|Any CPU
		{A89F0B6E-CCE5-4138-B0D1-E38DD6744EF6}.Release|Any CPU.ActiveCfg = Release|Any CPU
		{A89F0B6E-CCE5-4138-B0D1-E38DD6744EF6}.Release|Any CPU.Build.0 = Release|Any CPU
		{9DBD7B74-1940-4BEF-9A02-F5DDAA81CBFA}.Debug|Any CPU.ActiveCfg = Debug|Any CPU
		{9DBD7B74-1940-4BEF-9A02-F5DDAA81CBFA}.Debug|Any CPU.Build.0 = Debug|Any CPU
		{9DBD7B74-1940-4BEF-9A02-F5DDAA81CBFA}.Release|Any CPU.ActiveCfg = Release|Any CPU
		{9DBD7B74-1940-4BEF-9A02-F5DDAA81CBFA}.Release|Any CPU.Build.0 = Release|Any CPU
	EndGlobalSection
	GlobalSection(SolutionProperties) = preSolution
		HideSolutionNode = FALSE
	EndGlobalSection
EndGlobal
